# This file is automatically @generated by Cargo.
# It is not intended for manual editing.
[[package]]
name = "rust-crate-isbn"
version = "0.1.0"
source = "git+https://github.com/bobaved/rust-crate-isbn?rev=76d6c680126f07edafa4765e5f421130061b03e1#76d6c680126f07edafa4765e5f421130061b03e1"

[[package]]
name = "rust-isbn"
version = "0.1.0"
dependencies = [
 "rust-crate-isbn",
]
